
Microsoft Visual Studio Solution File, Format Version 12.00
# Visual Studio 15
VisualStudioVersion = 15.0.28307.421
MinimumVisualStudioVersion = 10.0.40219.1
Project("{2150E333-8FDC-42A3-9474-1A3956D46DE8}") = "Data", "Data", "{D807ECEF-F228-4F00-B6FA-BFC7581C86C9}"
EndProject
Project("{FAE04EC0-301F-11D3-BF4B-00C04F79EFBC}") = "Calmo.Samples.Sql", "Data\Calmo.Samples.Sql\Calmo.Samples.Sql.csproj", "{5AF0A9A8-2951-4DE7-8802-A81158172ED1}"
EndProject
Global
	GlobalSection(SolutionConfigurationPlatforms) = preSolution
		Debug|Any CPU = Debug|Any CPU
		Release|Any CPU = Release|Any CPU
	EndGlobalSection
	GlobalSection(ProjectConfigurationPlatforms) = postSolution
		{5AF0A9A8-2951-4DE7-8802-A81158172ED1}.Debug|Any CPU.ActiveCfg = Debug|Any CPU
		{5AF0A9A8-2951-4DE7-8802-A81158172ED1}.Debug|Any CPU.Build.0 = Debug|Any CPU
		{5AF0A9A8-2951-4DE7-8802-A81158172ED1}.Release|Any CPU.ActiveCfg = Release|Any CPU
		{5AF0A9A8-2951-4DE7-8802-A81158172ED1}.Release|Any CPU.Build.0 = Release|Any CPU
	EndGlobalSection
	GlobalSection(SolutionProperties) = preSolution
		HideSolutionNode = FALSE
	EndGlobalSection
	GlobalSection(NestedProjects) = preSolution
		{5AF0A9A8-2951-4DE7-8802-A81158172ED1} = {D807ECEF-F228-4F00-B6FA-BFC7581C86C9}
	EndGlobalSection
	GlobalSection(ExtensibilityGlobals) = postSolution
		SolutionGuid = {02A19F8E-1A53-42D2-A4F0-7844AC029EBD}
	EndGlobalSection
EndGlobal
