
Microsoft Visual Studio Solution File, Format Version 12.00
# Visual Studio 15
VisualStudioVersion = 15.0.26730.16
MinimumVisualStudioVersion = 10.0.40219.1
Project("{2150E333-8FDC-42A3-9474-1A3956D46DE8}") = "Core", "Core", "{FB2CD967-95DE-4C87-A71C-4F98F8CD3484}"
EndProject
Project("{2150E333-8FDC-42A3-9474-1A3956D46DE8}") = "Forms", "Forms", "{CD523A4F-C7C8-4AF5-A7EF-2CDB8FC0DB57}"
EndProject
Project("{2150E333-8FDC-42A3-9474-1A3956D46DE8}") = "Data", "Data", "{495AB5C6-5565-48A1-A680-7A026794CADE}"
EndProject
Project("{9A19103F-16F7-4668-BE54-9A1E7A4F7556}") = "Calmo.Core", "Mobile\Core\Calmo.Core\Calmo.Core.csproj", "{912506A8-6689-4732-A171-D46C02F8BF50}"
EndProject
Project("{9A19103F-16F7-4668-BE54-9A1E7A4F7556}") = "Calmo.Forms", "Mobile\Forms\Calmo.Forms\Calmo.Forms.csproj", "{E3C882E7-CCC6-4B18-9BAA-AB1D772B1B5E}"
EndProject
Project("{FAE04EC0-301F-11D3-BF4B-00C04F79EFBC}") = "Calmo.Forms.iOS", "Mobile\Forms\Calmo.Forms.iOS\Calmo.Forms.iOS.csproj", "{E71F3053-056C-4381-9638-048ED73BDFF6}"
EndProject
Project("{FAE04EC0-301F-11D3-BF4B-00C04F79EFBC}") = "Calmo.Forms.Droid", "Mobile\Forms\Calmo.Forms.Droid\Calmo.Forms.Droid.csproj", "{CEDCD885-8F0D-48AB-B251-746BF77AFFB0}"
EndProject
Project("{9A19103F-16F7-4668-BE54-9A1E7A4F7556}") = "Calmo.Forms.Data", "Mobile\Forms\Data\Calmo.Forms.Data\Calmo.Forms.Data.csproj", "{79AD24C8-66A2-40B2-8F64-C80736F2C715}"
EndProject
Project("{FAE04EC0-301F-11D3-BF4B-00C04F79EFBC}") = "Calmo.Forms.Data.Droid", "Mobile\Forms\Data\Calmo.Forms.Data.Droid\Calmo.Forms.Data.Droid.csproj", "{A7DB51EF-92AB-499B-81E3-05C3E4A9987D}"
EndProject
Project("{FAE04EC0-301F-11D3-BF4B-00C04F79EFBC}") = "Calmo.Forms.Data.iOS", "Mobile\Forms\Data\Calmo.Forms.Data.iOS\Calmo.Forms.Data.iOS.csproj", "{94AE06CC-4C4A-4DCD-B750-CC91A35D0814}"
EndProject
Global
	GlobalSection(SolutionConfigurationPlatforms) = preSolution
		Ad-Hoc|Any CPU = Ad-Hoc|Any CPU
		Ad-Hoc|iPhone = Ad-Hoc|iPhone
		Ad-Hoc|iPhoneSimulator = Ad-Hoc|iPhoneSimulator
		AppStore|Any CPU = AppStore|Any CPU
		AppStore|iPhone = AppStore|iPhone
		AppStore|iPhoneSimulator = AppStore|iPhoneSimulator
		Debug Api|Any CPU = Debug Api|Any CPU
		Debug Api|iPhone = Debug Api|iPhone
		Debug Api|iPhoneSimulator = Debug Api|iPhoneSimulator
		Debug Droid|Any CPU = Debug Droid|Any CPU
		Debug Droid|iPhone = Debug Droid|iPhone
		Debug Droid|iPhoneSimulator = Debug Droid|iPhoneSimulator
		Debug iOS|Any CPU = Debug iOS|Any CPU
		Debug iOS|iPhone = Debug iOS|iPhone
		Debug iOS|iPhoneSimulator = Debug iOS|iPhoneSimulator
		Debug|Any CPU = Debug|Any CPU
		Debug|iPhone = Debug|iPhone
		Debug|iPhoneSimulator = Debug|iPhoneSimulator
		Release|Any CPU = Release|Any CPU
		Release|iPhone = Release|iPhone
		Release|iPhoneSimulator = Release|iPhoneSimulator
	EndGlobalSection
	GlobalSection(ProjectConfigurationPlatforms) = postSolution
		{912506A8-6689-4732-A171-D46C02F8BF50}.Ad-Hoc|Any CPU.ActiveCfg = Release|Any CPU
		{912506A8-6689-4732-A171-D46C02F8BF50}.Ad-Hoc|Any CPU.Build.0 = Release|Any CPU
		{912506A8-6689-4732-A171-D46C02F8BF50}.Ad-Hoc|iPhone.ActiveCfg = Release|Any CPU
		{912506A8-6689-4732-A171-D46C02F8BF50}.Ad-Hoc|iPhone.Build.0 = Release|Any CPU
		{912506A8-6689-4732-A171-D46C02F8BF50}.Ad-Hoc|iPhoneSimulator.ActiveCfg = Release|Any CPU
		{912506A8-6689-4732-A171-D46C02F8BF50}.Ad-Hoc|iPhoneSimulator.Build.0 = Release|Any CPU
		{912506A8-6689-4732-A171-D46C02F8BF50}.AppStore|Any CPU.ActiveCfg = Release|Any CPU
		{912506A8-6689-4732-A171-D46C02F8BF50}.AppStore|Any CPU.Build.0 = Release|Any CPU
		{912506A8-6689-4732-A171-D46C02F8BF50}.AppStore|iPhone.ActiveCfg = Release|Any CPU
		{912506A8-6689-4732-A171-D46C02F8BF50}.AppStore|iPhone.Build.0 = Release|Any CPU
		{912506A8-6689-4732-A171-D46C02F8BF50}.AppStore|iPhoneSimulator.ActiveCfg = Release|Any CPU
		{912506A8-6689-4732-A171-D46C02F8BF50}.AppStore|iPhoneSimulator.Build.0 = Release|Any CPU
		{912506A8-6689-4732-A171-D46C02F8BF50}.Debug Api|Any CPU.ActiveCfg = Debug|Any CPU
		{912506A8-6689-4732-A171-D46C02F8BF50}.Debug Api|Any CPU.Build.0 = Debug|Any CPU
		{912506A8-6689-4732-A171-D46C02F8BF50}.Debug Api|iPhone.ActiveCfg = Debug|Any CPU
		{912506A8-6689-4732-A171-D46C02F8BF50}.Debug Api|iPhone.Build.0 = Debug|Any CPU
		{912506A8-6689-4732-A171-D46C02F8BF50}.Debug Api|iPhoneSimulator.ActiveCfg = Debug|Any CPU
		{912506A8-6689-4732-A171-D46C02F8BF50}.Debug Api|iPhoneSimulator.Build.0 = Debug|Any CPU
		{912506A8-6689-4732-A171-D46C02F8BF50}.Debug Droid|Any CPU.ActiveCfg = Debug|Any CPU
		{912506A8-6689-4732-A171-D46C02F8BF50}.Debug Droid|Any CPU.Build.0 = Debug|Any CPU
		{912506A8-6689-4732-A171-D46C02F8BF50}.Debug Droid|iPhone.ActiveCfg = Debug|Any CPU
		{912506A8-6689-4732-A171-D46C02F8BF50}.Debug Droid|iPhone.Build.0 = Debug|Any CPU
		{912506A8-6689-4732-A171-D46C02F8BF50}.Debug Droid|iPhoneSimulator.ActiveCfg = Debug|Any CPU
		{912506A8-6689-4732-A171-D46C02F8BF50}.Debug Droid|iPhoneSimulator.Build.0 = Debug|Any CPU
		{912506A8-6689-4732-A171-D46C02F8BF50}.Debug iOS|Any CPU.ActiveCfg = Debug|Any CPU
		{912506A8-6689-4732-A171-D46C02F8BF50}.Debug iOS|Any CPU.Build.0 = Debug|Any CPU
		{912506A8-6689-4732-A171-D46C02F8BF50}.Debug iOS|iPhone.ActiveCfg = Debug|Any CPU
		{912506A8-6689-4732-A171-D46C02F8BF50}.Debug iOS|iPhone.Build.0 = Debug|Any CPU
		{912506A8-6689-4732-A171-D46C02F8BF50}.Debug iOS|iPhoneSimulator.ActiveCfg = Debug|Any CPU
		{912506A8-6689-4732-A171-D46C02F8BF50}.Debug iOS|iPhoneSimulator.Build.0 = Debug|Any CPU
		{912506A8-6689-4732-A171-D46C02F8BF50}.Debug|Any CPU.ActiveCfg = Debug|Any CPU
		{912506A8-6689-4732-A171-D46C02F8BF50}.Debug|Any CPU.Build.0 = Debug|Any CPU
		{912506A8-6689-4732-A171-D46C02F8BF50}.Debug|iPhone.ActiveCfg = Debug|Any CPU
		{912506A8-6689-4732-A171-D46C02F8BF50}.Debug|iPhone.Build.0 = Debug|Any CPU
		{912506A8-6689-4732-A171-D46C02F8BF50}.Debug|iPhoneSimulator.ActiveCfg = Debug|Any CPU
		{912506A8-6689-4732-A171-D46C02F8BF50}.Debug|iPhoneSimulator.Build.0 = Debug|Any CPU
		{912506A8-6689-4732-A171-D46C02F8BF50}.Release|Any CPU.ActiveCfg = Release|Any CPU
		{912506A8-6689-4732-A171-D46C02F8BF50}.Release|Any CPU.Build.0 = Release|Any CPU
		{912506A8-6689-4732-A171-D46C02F8BF50}.Release|iPhone.ActiveCfg = Release|Any CPU
		{912506A8-6689-4732-A171-D46C02F8BF50}.Release|iPhone.Build.0 = Release|Any CPU
		{912506A8-6689-4732-A171-D46C02F8BF50}.Release|iPhoneSimulator.ActiveCfg = Release|Any CPU
		{912506A8-6689-4732-A171-D46C02F8BF50}.Release|iPhoneSimulator.Build.0 = Release|Any CPU
		{E3C882E7-CCC6-4B18-9BAA-AB1D772B1B5E}.Ad-Hoc|Any CPU.ActiveCfg = Debug|Any CPU
		{E3C882E7-CCC6-4B18-9BAA-AB1D772B1B5E}.Ad-Hoc|Any CPU.Build.0 = Debug|Any CPU
		{E3C882E7-CCC6-4B18-9BAA-AB1D772B1B5E}.Ad-Hoc|iPhone.ActiveCfg = Debug|Any CPU
		{E3C882E7-CCC6-4B18-9BAA-AB1D772B1B5E}.Ad-Hoc|iPhone.Build.0 = Debug|Any CPU
		{E3C882E7-CCC6-4B18-9BAA-AB1D772B1B5E}.Ad-Hoc|iPhoneSimulator.ActiveCfg = Debug|Any CPU
		{E3C882E7-CCC6-4B18-9BAA-AB1D772B1B5E}.Ad-Hoc|iPhoneSimulator.Build.0 = Debug|Any CPU
		{E3C882E7-CCC6-4B18-9BAA-AB1D772B1B5E}.AppStore|Any CPU.ActiveCfg = Debug|Any CPU
		{E3C882E7-CCC6-4B18-9BAA-AB1D772B1B5E}.AppStore|Any CPU.Build.0 = Debug|Any CPU
		{E3C882E7-CCC6-4B18-9BAA-AB1D772B1B5E}.AppStore|iPhone.ActiveCfg = Debug|Any CPU
		{E3C882E7-CCC6-4B18-9BAA-AB1D772B1B5E}.AppStore|iPhone.Build.0 = Debug|Any CPU
		{E3C882E7-CCC6-4B18-9BAA-AB1D772B1B5E}.AppStore|iPhoneSimulator.ActiveCfg = Debug|Any CPU
		{E3C882E7-CCC6-4B18-9BAA-AB1D772B1B5E}.AppStore|iPhoneSimulator.Build.0 = Debug|Any CPU
		{E3C882E7-CCC6-4B18-9BAA-AB1D772B1B5E}.Debug Api|Any CPU.ActiveCfg = Debug|Any CPU
		{E3C882E7-CCC6-4B18-9BAA-AB1D772B1B5E}.Debug Api|Any CPU.Build.0 = Debug|Any CPU
		{E3C882E7-CCC6-4B18-9BAA-AB1D772B1B5E}.Debug Api|iPhone.ActiveCfg = Debug|Any CPU
		{E3C882E7-CCC6-4B18-9BAA-AB1D772B1B5E}.Debug Api|iPhone.Build.0 = Debug|Any CPU
		{E3C882E7-CCC6-4B18-9BAA-AB1D772B1B5E}.Debug Api|iPhoneSimulator.ActiveCfg = Debug|Any CPU
		{E3C882E7-CCC6-4B18-9BAA-AB1D772B1B5E}.Debug Api|iPhoneSimulator.Build.0 = Debug|Any CPU
		{E3C882E7-CCC6-4B18-9BAA-AB1D772B1B5E}.Debug Droid|Any CPU.ActiveCfg = Debug|Any CPU
		{E3C882E7-CCC6-4B18-9BAA-AB1D772B1B5E}.Debug Droid|Any CPU.Build.0 = Debug|Any CPU
		{E3C882E7-CCC6-4B18-9BAA-AB1D772B1B5E}.Debug Droid|iPhone.ActiveCfg = Debug|Any CPU
		{E3C882E7-CCC6-4B18-9BAA-AB1D772B1B5E}.Debug Droid|iPhone.Build.0 = Debug|Any CPU
		{E3C882E7-CCC6-4B18-9BAA-AB1D772B1B5E}.Debug Droid|iPhoneSimulator.ActiveCfg = Debug|Any CPU
		{E3C882E7-CCC6-4B18-9BAA-AB1D772B1B5E}.Debug Droid|iPhoneSimulator.Build.0 = Debug|Any CPU
		{E3C882E7-CCC6-4B18-9BAA-AB1D772B1B5E}.Debug iOS|Any CPU.ActiveCfg = Debug|Any CPU
		{E3C882E7-CCC6-4B18-9BAA-AB1D772B1B5E}.Debug iOS|Any CPU.Build.0 = Debug|Any CPU
		{E3C882E7-CCC6-4B18-9BAA-AB1D772B1B5E}.Debug iOS|iPhone.ActiveCfg = Debug|Any CPU
		{E3C882E7-CCC6-4B18-9BAA-AB1D772B1B5E}.Debug iOS|iPhone.Build.0 = Debug|Any CPU
		{E3C882E7-CCC6-4B18-9BAA-AB1D772B1B5E}.Debug iOS|iPhoneSimulator.ActiveCfg = Debug|Any CPU
		{E3C882E7-CCC6-4B18-9BAA-AB1D772B1B5E}.Debug iOS|iPhoneSimulator.Build.0 = Debug|Any CPU
		{E3C882E7-CCC6-4B18-9BAA-AB1D772B1B5E}.Debug|Any CPU.ActiveCfg = Debug|Any CPU
		{E3C882E7-CCC6-4B18-9BAA-AB1D772B1B5E}.Debug|Any CPU.Build.0 = Debug|Any CPU
		{E3C882E7-CCC6-4B18-9BAA-AB1D772B1B5E}.Debug|iPhone.ActiveCfg = Debug|Any CPU
		{E3C882E7-CCC6-4B18-9BAA-AB1D772B1B5E}.Debug|iPhone.Build.0 = Debug|Any CPU
		{E3C882E7-CCC6-4B18-9BAA-AB1D772B1B5E}.Debug|iPhoneSimulator.ActiveCfg = Debug|Any CPU
		{E3C882E7-CCC6-4B18-9BAA-AB1D772B1B5E}.Debug|iPhoneSimulator.Build.0 = Debug|Any CPU
		{E3C882E7-CCC6-4B18-9BAA-AB1D772B1B5E}.Release|Any CPU.ActiveCfg = Release|Any CPU
		{E3C882E7-CCC6-4B18-9BAA-AB1D772B1B5E}.Release|Any CPU.Build.0 = Release|Any CPU
		{E3C882E7-CCC6-4B18-9BAA-AB1D772B1B5E}.Release|iPhone.ActiveCfg = Release|Any CPU
		{E3C882E7-CCC6-4B18-9BAA-AB1D772B1B5E}.Release|iPhone.Build.0 = Release|Any CPU
		{E3C882E7-CCC6-4B18-9BAA-AB1D772B1B5E}.Release|iPhoneSimulator.ActiveCfg = Release|Any CPU
		{E3C882E7-CCC6-4B18-9BAA-AB1D772B1B5E}.Release|iPhoneSimulator.Build.0 = Release|Any CPU
		{E71F3053-056C-4381-9638-048ED73BDFF6}.Ad-Hoc|Any CPU.ActiveCfg = Release|Any CPU
		{E71F3053-056C-4381-9638-048ED73BDFF6}.Ad-Hoc|Any CPU.Build.0 = Release|Any CPU
		{E71F3053-056C-4381-9638-048ED73BDFF6}.Ad-Hoc|iPhone.ActiveCfg = Release|Any CPU
		{E71F3053-056C-4381-9638-048ED73BDFF6}.Ad-Hoc|iPhone.Build.0 = Release|Any CPU
		{E71F3053-056C-4381-9638-048ED73BDFF6}.Ad-Hoc|iPhoneSimulator.ActiveCfg = Release|Any CPU
		{E71F3053-056C-4381-9638-048ED73BDFF6}.Ad-Hoc|iPhoneSimulator.Build.0 = Release|Any CPU
		{E71F3053-056C-4381-9638-048ED73BDFF6}.AppStore|Any CPU.ActiveCfg = Release|Any CPU
		{E71F3053-056C-4381-9638-048ED73BDFF6}.AppStore|Any CPU.Build.0 = Release|Any CPU
		{E71F3053-056C-4381-9638-048ED73BDFF6}.AppStore|iPhone.ActiveCfg = Release|Any CPU
		{E71F3053-056C-4381-9638-048ED73BDFF6}.AppStore|iPhone.Build.0 = Release|Any CPU
		{E71F3053-056C-4381-9638-048ED73BDFF6}.AppStore|iPhoneSimulator.ActiveCfg = Release|Any CPU
		{E71F3053-056C-4381-9638-048ED73BDFF6}.AppStore|iPhoneSimulator.Build.0 = Release|Any CPU
		{E71F3053-056C-4381-9638-048ED73BDFF6}.Debug Api|Any CPU.ActiveCfg = Debug|Any CPU
		{E71F3053-056C-4381-9638-048ED73BDFF6}.Debug Api|Any CPU.Build.0 = Debug|Any CPU
		{E71F3053-056C-4381-9638-048ED73BDFF6}.Debug Api|iPhone.ActiveCfg = Debug|Any CPU
		{E71F3053-056C-4381-9638-048ED73BDFF6}.Debug Api|iPhone.Build.0 = Debug|Any CPU
		{E71F3053-056C-4381-9638-048ED73BDFF6}.Debug Api|iPhoneSimulator.ActiveCfg = Debug|Any CPU
		{E71F3053-056C-4381-9638-048ED73BDFF6}.Debug Api|iPhoneSimulator.Build.0 = Debug|Any CPU
		{E71F3053-056C-4381-9638-048ED73BDFF6}.Debug Droid|Any CPU.ActiveCfg = Debug|Any CPU
		{E71F3053-056C-4381-9638-048ED73BDFF6}.Debug Droid|Any CPU.Build.0 = Debug|Any CPU
		{E71F3053-056C-4381-9638-048ED73BDFF6}.Debug Droid|iPhone.ActiveCfg = Debug|Any CPU
		{E71F3053-056C-4381-9638-048ED73BDFF6}.Debug Droid|iPhone.Build.0 = Debug|Any CPU
		{E71F3053-056C-4381-9638-048ED73BDFF6}.Debug Droid|iPhoneSimulator.ActiveCfg = Debug|Any CPU
		{E71F3053-056C-4381-9638-048ED73BDFF6}.Debug Droid|iPhoneSimulator.Build.0 = Debug|Any CPU
		{E71F3053-056C-4381-9638-048ED73BDFF6}.Debug iOS|Any CPU.ActiveCfg = Debug|Any CPU
		{E71F3053-056C-4381-9638-048ED73BDFF6}.Debug iOS|Any CPU.Build.0 = Debug|Any CPU
		{E71F3053-056C-4381-9638-048ED73BDFF6}.Debug iOS|iPhone.ActiveCfg = Debug|Any CPU
		{E71F3053-056C-4381-9638-048ED73BDFF6}.Debug iOS|iPhone.Build.0 = Debug|Any CPU
		{E71F3053-056C-4381-9638-048ED73BDFF6}.Debug iOS|iPhoneSimulator.ActiveCfg = Debug|Any CPU
		{E71F3053-056C-4381-9638-048ED73BDFF6}.Debug iOS|iPhoneSimulator.Build.0 = Debug|Any CPU
		{E71F3053-056C-4381-9638-048ED73BDFF6}.Debug|Any CPU.ActiveCfg = Debug|Any CPU
		{E71F3053-056C-4381-9638-048ED73BDFF6}.Debug|Any CPU.Build.0 = Debug|Any CPU
		{E71F3053-056C-4381-9638-048ED73BDFF6}.Debug|iPhone.ActiveCfg = Debug|Any CPU
		{E71F3053-056C-4381-9638-048ED73BDFF6}.Debug|iPhone.Build.0 = Debug|Any CPU
		{E71F3053-056C-4381-9638-048ED73BDFF6}.Debug|iPhoneSimulator.ActiveCfg = Debug|Any CPU
		{E71F3053-056C-4381-9638-048ED73BDFF6}.Debug|iPhoneSimulator.Build.0 = Debug|Any CPU
		{E71F3053-056C-4381-9638-048ED73BDFF6}.Release|Any CPU.ActiveCfg = Release|Any CPU
		{E71F3053-056C-4381-9638-048ED73BDFF6}.Release|Any CPU.Build.0 = Release|Any CPU
		{E71F3053-056C-4381-9638-048ED73BDFF6}.Release|iPhone.ActiveCfg = Release|Any CPU
		{E71F3053-056C-4381-9638-048ED73BDFF6}.Release|iPhone.Build.0 = Release|Any CPU
		{E71F3053-056C-4381-9638-048ED73BDFF6}.Release|iPhoneSimulator.ActiveCfg = Release|Any CPU
		{E71F3053-056C-4381-9638-048ED73BDFF6}.Release|iPhoneSimulator.Build.0 = Release|Any CPU
		{CEDCD885-8F0D-48AB-B251-746BF77AFFB0}.Ad-Hoc|Any CPU.ActiveCfg = Release|Any CPU
		{CEDCD885-8F0D-48AB-B251-746BF77AFFB0}.Ad-Hoc|Any CPU.Build.0 = Release|Any CPU
		{CEDCD885-8F0D-48AB-B251-746BF77AFFB0}.Ad-Hoc|iPhone.ActiveCfg = Release|Any CPU
		{CEDCD885-8F0D-48AB-B251-746BF77AFFB0}.Ad-Hoc|iPhone.Build.0 = Release|Any CPU
		{CEDCD885-8F0D-48AB-B251-746BF77AFFB0}.Ad-Hoc|iPhoneSimulator.ActiveCfg = Release|Any CPU
		{CEDCD885-8F0D-48AB-B251-746BF77AFFB0}.Ad-Hoc|iPhoneSimulator.Build.0 = Release|Any CPU
		{CEDCD885-8F0D-48AB-B251-746BF77AFFB0}.AppStore|Any CPU.ActiveCfg = Release|Any CPU
		{CEDCD885-8F0D-48AB-B251-746BF77AFFB0}.AppStore|Any CPU.Build.0 = Release|Any CPU
		{CEDCD885-8F0D-48AB-B251-746BF77AFFB0}.AppStore|iPhone.ActiveCfg = Release|Any CPU
		{CEDCD885-8F0D-48AB-B251-746BF77AFFB0}.AppStore|iPhone.Build.0 = Release|Any CPU
		{CEDCD885-8F0D-48AB-B251-746BF77AFFB0}.AppStore|iPhoneSimulator.ActiveCfg = Release|Any CPU
		{CEDCD885-8F0D-48AB-B251-746BF77AFFB0}.AppStore|iPhoneSimulator.Build.0 = Release|Any CPU
		{CEDCD885-8F0D-48AB-B251-746BF77AFFB0}.Debug Api|Any CPU.ActiveCfg = Debug|Any CPU
		{CEDCD885-8F0D-48AB-B251-746BF77AFFB0}.Debug Api|Any CPU.Build.0 = Debug|Any CPU
		{CEDCD885-8F0D-48AB-B251-746BF77AFFB0}.Debug Api|iPhone.ActiveCfg = Debug|Any CPU
		{CEDCD885-8F0D-48AB-B251-746BF77AFFB0}.Debug Api|iPhone.Build.0 = Debug|Any CPU
		{CEDCD885-8F0D-48AB-B251-746BF77AFFB0}.Debug Api|iPhoneSimulator.ActiveCfg = Debug|Any CPU
		{CEDCD885-8F0D-48AB-B251-746BF77AFFB0}.Debug Api|iPhoneSimulator.Build.0 = Debug|Any CPU
		{CEDCD885-8F0D-48AB-B251-746BF77AFFB0}.Debug Droid|Any CPU.ActiveCfg = Debug|Any CPU
		{CEDCD885-8F0D-48AB-B251-746BF77AFFB0}.Debug Droid|Any CPU.Build.0 = Debug|Any CPU
		{CEDCD885-8F0D-48AB-B251-746BF77AFFB0}.Debug Droid|iPhone.ActiveCfg = Debug|Any CPU
		{CEDCD885-8F0D-48AB-B251-746BF77AFFB0}.Debug Droid|iPhone.Build.0 = Debug|Any CPU
		{CEDCD885-8F0D-48AB-B251-746BF77AFFB0}.Debug Droid|iPhoneSimulator.ActiveCfg = Debug|Any CPU
		{CEDCD885-8F0D-48AB-B251-746BF77AFFB0}.Debug Droid|iPhoneSimulator.Build.0 = Debug|Any CPU
		{CEDCD885-8F0D-48AB-B251-746BF77AFFB0}.Debug iOS|Any CPU.ActiveCfg = Debug|Any CPU
		{CEDCD885-8F0D-48AB-B251-746BF77AFFB0}.Debug iOS|Any CPU.Build.0 = Debug|Any CPU
		{CEDCD885-8F0D-48AB-B251-746BF77AFFB0}.Debug iOS|iPhone.ActiveCfg = Debug|Any CPU
		{CEDCD885-8F0D-48AB-B251-746BF77AFFB0}.Debug iOS|iPhone.Build.0 = Debug|Any CPU
		{CEDCD885-8F0D-48AB-B251-746BF77AFFB0}.Debug iOS|iPhoneSimulator.ActiveCfg = Debug|Any CPU
		{CEDCD885-8F0D-48AB-B251-746BF77AFFB0}.Debug iOS|iPhoneSimulator.Build.0 = Debug|Any CPU
		{CEDCD885-8F0D-48AB-B251-746BF77AFFB0}.Debug|Any CPU.ActiveCfg = Debug|Any CPU
		{CEDCD885-8F0D-48AB-B251-746BF77AFFB0}.Debug|Any CPU.Build.0 = Debug|Any CPU
		{CEDCD885-8F0D-48AB-B251-746BF77AFFB0}.Debug|iPhone.ActiveCfg = Debug|Any CPU
		{CEDCD885-8F0D-48AB-B251-746BF77AFFB0}.Debug|iPhone.Build.0 = Debug|Any CPU
		{CEDCD885-8F0D-48AB-B251-746BF77AFFB0}.Debug|iPhoneSimulator.ActiveCfg = Debug|Any CPU
		{CEDCD885-8F0D-48AB-B251-746BF77AFFB0}.Debug|iPhoneSimulator.Build.0 = Debug|Any CPU
		{CEDCD885-8F0D-48AB-B251-746BF77AFFB0}.Release|Any CPU.ActiveCfg = Release|Any CPU
		{CEDCD885-8F0D-48AB-B251-746BF77AFFB0}.Release|Any CPU.Build.0 = Release|Any CPU
		{CEDCD885-8F0D-48AB-B251-746BF77AFFB0}.Release|iPhone.ActiveCfg = Release|Any CPU
		{CEDCD885-8F0D-48AB-B251-746BF77AFFB0}.Release|iPhone.Build.0 = Release|Any CPU
		{CEDCD885-8F0D-48AB-B251-746BF77AFFB0}.Release|iPhoneSimulator.ActiveCfg = Release|Any CPU
		{CEDCD885-8F0D-48AB-B251-746BF77AFFB0}.Release|iPhoneSimulator.Build.0 = Release|Any CPU
		{79AD24C8-66A2-40B2-8F64-C80736F2C715}.Ad-Hoc|Any CPU.ActiveCfg = Debug|Any CPU
		{79AD24C8-66A2-40B2-8F64-C80736F2C715}.Ad-Hoc|Any CPU.Build.0 = Debug|Any CPU
		{79AD24C8-66A2-40B2-8F64-C80736F2C715}.Ad-Hoc|iPhone.ActiveCfg = Debug|Any CPU
		{79AD24C8-66A2-40B2-8F64-C80736F2C715}.Ad-Hoc|iPhone.Build.0 = Debug|Any CPU
		{79AD24C8-66A2-40B2-8F64-C80736F2C715}.Ad-Hoc|iPhoneSimulator.ActiveCfg = Debug|Any CPU
		{79AD24C8-66A2-40B2-8F64-C80736F2C715}.Ad-Hoc|iPhoneSimulator.Build.0 = Debug|Any CPU
		{79AD24C8-66A2-40B2-8F64-C80736F2C715}.AppStore|Any CPU.ActiveCfg = Debug|Any CPU
		{79AD24C8-66A2-40B2-8F64-C80736F2C715}.AppStore|Any CPU.Build.0 = Debug|Any CPU
		{79AD24C8-66A2-40B2-8F64-C80736F2C715}.AppStore|iPhone.ActiveCfg = Debug|Any CPU
		{79AD24C8-66A2-40B2-8F64-C80736F2C715}.AppStore|iPhone.Build.0 = Debug|Any CPU
		{79AD24C8-66A2-40B2-8F64-C80736F2C715}.AppStore|iPhoneSimulator.ActiveCfg = Debug|Any CPU
		{79AD24C8-66A2-40B2-8F64-C80736F2C715}.AppStore|iPhoneSimulator.Build.0 = Debug|Any CPU
		{79AD24C8-66A2-40B2-8F64-C80736F2C715}.Debug Api|Any CPU.ActiveCfg = Debug|Any CPU
		{79AD24C8-66A2-40B2-8F64-C80736F2C715}.Debug Api|Any CPU.Build.0 = Debug|Any CPU
		{79AD24C8-66A2-40B2-8F64-C80736F2C715}.Debug Api|iPhone.ActiveCfg = Debug|Any CPU
		{79AD24C8-66A2-40B2-8F64-C80736F2C715}.Debug Api|iPhone.Build.0 = Debug|Any CPU
		{79AD24C8-66A2-40B2-8F64-C80736F2C715}.Debug Api|iPhoneSimulator.ActiveCfg = Debug|Any CPU
		{79AD24C8-66A2-40B2-8F64-C80736F2C715}.Debug Api|iPhoneSimulator.Build.0 = Debug|Any CPU
		{79AD24C8-66A2-40B2-8F64-C80736F2C715}.Debug Droid|Any CPU.ActiveCfg = Debug|Any CPU
		{79AD24C8-66A2-40B2-8F64-C80736F2C715}.Debug Droid|Any CPU.Build.0 = Debug|Any CPU
		{79AD24C8-66A2-40B2-8F64-C80736F2C715}.Debug Droid|iPhone.ActiveCfg = Debug|Any CPU
		{79AD24C8-66A2-40B2-8F64-C80736F2C715}.Debug Droid|iPhone.Build.0 = Debug|Any CPU
		{79AD24C8-66A2-40B2-8F64-C80736F2C715}.Debug Droid|iPhoneSimulator.ActiveCfg = Debug|Any CPU
		{79AD24C8-66A2-40B2-8F64-C80736F2C715}.Debug Droid|iPhoneSimulator.Build.0 = Debug|Any CPU
		{79AD24C8-66A2-40B2-8F64-C80736F2C715}.Debug iOS|Any CPU.ActiveCfg = Debug|Any CPU
		{79AD24C8-66A2-40B2-8F64-C80736F2C715}.Debug iOS|Any CPU.Build.0 = Debug|Any CPU
		{79AD24C8-66A2-40B2-8F64-C80736F2C715}.Debug iOS|iPhone.ActiveCfg = Debug|Any CPU
		{79AD24C8-66A2-40B2-8F64-C80736F2C715}.Debug iOS|iPhone.Build.0 = Debug|Any CPU
		{79AD24C8-66A2-40B2-8F64-C80736F2C715}.Debug iOS|iPhoneSimulator.ActiveCfg = Debug|Any CPU
		{79AD24C8-66A2-40B2-8F64-C80736F2C715}.Debug iOS|iPhoneSimulator.Build.0 = Debug|Any CPU
		{79AD24C8-66A2-40B2-8F64-C80736F2C715}.Debug|Any CPU.ActiveCfg = Debug|Any CPU
		{79AD24C8-66A2-40B2-8F64-C80736F2C715}.Debug|Any CPU.Build.0 = Debug|Any CPU
		{79AD24C8-66A2-40B2-8F64-C80736F2C715}.Debug|iPhone.ActiveCfg = Debug|Any CPU
		{79AD24C8-66A2-40B2-8F64-C80736F2C715}.Debug|iPhone.Build.0 = Debug|Any CPU
		{79AD24C8-66A2-40B2-8F64-C80736F2C715}.Debug|iPhoneSimulator.ActiveCfg = Debug|Any CPU
		{79AD24C8-66A2-40B2-8F64-C80736F2C715}.Debug|iPhoneSimulator.Build.0 = Debug|Any CPU
		{79AD24C8-66A2-40B2-8F64-C80736F2C715}.Release|Any CPU.ActiveCfg = Release|Any CPU
		{79AD24C8-66A2-40B2-8F64-C80736F2C715}.Release|Any CPU.Build.0 = Release|Any CPU
		{79AD24C8-66A2-40B2-8F64-C80736F2C715}.Release|iPhone.ActiveCfg = Release|Any CPU
		{79AD24C8-66A2-40B2-8F64-C80736F2C715}.Release|iPhone.Build.0 = Release|Any CPU
		{79AD24C8-66A2-40B2-8F64-C80736F2C715}.Release|iPhoneSimulator.ActiveCfg = Release|Any CPU
		{79AD24C8-66A2-40B2-8F64-C80736F2C715}.Release|iPhoneSimulator.Build.0 = Release|Any CPU
		{A7DB51EF-92AB-499B-81E3-05C3E4A9987D}.Ad-Hoc|Any CPU.ActiveCfg = Release|Any CPU
		{A7DB51EF-92AB-499B-81E3-05C3E4A9987D}.Ad-Hoc|Any CPU.Build.0 = Release|Any CPU
		{A7DB51EF-92AB-499B-81E3-05C3E4A9987D}.Ad-Hoc|iPhone.ActiveCfg = Release|Any CPU
		{A7DB51EF-92AB-499B-81E3-05C3E4A9987D}.Ad-Hoc|iPhone.Build.0 = Release|Any CPU
		{A7DB51EF-92AB-499B-81E3-05C3E4A9987D}.Ad-Hoc|iPhoneSimulator.ActiveCfg = Release|Any CPU
		{A7DB51EF-92AB-499B-81E3-05C3E4A9987D}.Ad-Hoc|iPhoneSimulator.Build.0 = Release|Any CPU
		{A7DB51EF-92AB-499B-81E3-05C3E4A9987D}.AppStore|Any CPU.ActiveCfg = Release|Any CPU
		{A7DB51EF-92AB-499B-81E3-05C3E4A9987D}.AppStore|Any CPU.Build.0 = Release|Any CPU
		{A7DB51EF-92AB-499B-81E3-05C3E4A9987D}.AppStore|iPhone.ActiveCfg = Release|Any CPU
		{A7DB51EF-92AB-499B-81E3-05C3E4A9987D}.AppStore|iPhone.Build.0 = Release|Any CPU
		{A7DB51EF-92AB-499B-81E3-05C3E4A9987D}.AppStore|iPhoneSimulator.ActiveCfg = Release|Any CPU
		{A7DB51EF-92AB-499B-81E3-05C3E4A9987D}.AppStore|iPhoneSimulator.Build.0 = Release|Any CPU
		{A7DB51EF-92AB-499B-81E3-05C3E4A9987D}.Debug Api|Any CPU.ActiveCfg = Debug|Any CPU
		{A7DB51EF-92AB-499B-81E3-05C3E4A9987D}.Debug Api|Any CPU.Build.0 = Debug|Any CPU
		{A7DB51EF-92AB-499B-81E3-05C3E4A9987D}.Debug Api|iPhone.ActiveCfg = Debug|Any CPU
		{A7DB51EF-92AB-499B-81E3-05C3E4A9987D}.Debug Api|iPhone.Build.0 = Debug|Any CPU
		{A7DB51EF-92AB-499B-81E3-05C3E4A9987D}.Debug Api|iPhoneSimulator.ActiveCfg = Debug|Any CPU
		{A7DB51EF-92AB-499B-81E3-05C3E4A9987D}.Debug Api|iPhoneSimulator.Build.0 = Debug|Any CPU
		{A7DB51EF-92AB-499B-81E3-05C3E4A9987D}.Debug Droid|Any CPU.ActiveCfg = Debug|Any CPU
		{A7DB51EF-92AB-499B-81E3-05C3E4A9987D}.Debug Droid|Any CPU.Build.0 = Debug|Any CPU
		{A7DB51EF-92AB-499B-81E3-05C3E4A9987D}.Debug Droid|iPhone.ActiveCfg = Debug|Any CPU
		{A7DB51EF-92AB-499B-81E3-05C3E4A9987D}.Debug Droid|iPhone.Build.0 = Debug|Any CPU
		{A7DB51EF-92AB-499B-81E3-05C3E4A9987D}.Debug Droid|iPhoneSimulator.ActiveCfg = Debug|Any CPU
		{A7DB51EF-92AB-499B-81E3-05C3E4A9987D}.Debug Droid|iPhoneSimulator.Build.0 = Debug|Any CPU
		{A7DB51EF-92AB-499B-81E3-05C3E4A9987D}.Debug iOS|Any CPU.ActiveCfg = Debug|Any CPU
		{A7DB51EF-92AB-499B-81E3-05C3E4A9987D}.Debug iOS|Any CPU.Build.0 = Debug|Any CPU
		{A7DB51EF-92AB-499B-81E3-05C3E4A9987D}.Debug iOS|iPhone.ActiveCfg = Debug|Any CPU
		{A7DB51EF-92AB-499B-81E3-05C3E4A9987D}.Debug iOS|iPhone.Build.0 = Debug|Any CPU
		{A7DB51EF-92AB-499B-81E3-05C3E4A9987D}.Debug iOS|iPhoneSimulator.ActiveCfg = Debug|Any CPU
		{A7DB51EF-92AB-499B-81E3-05C3E4A9987D}.Debug iOS|iPhoneSimulator.Build.0 = Debug|Any CPU
		{A7DB51EF-92AB-499B-81E3-05C3E4A9987D}.Debug|Any CPU.ActiveCfg = Debug|Any CPU
		{A7DB51EF-92AB-499B-81E3-05C3E4A9987D}.Debug|Any CPU.Build.0 = Debug|Any CPU
		{A7DB51EF-92AB-499B-81E3-05C3E4A9987D}.Debug|iPhone.ActiveCfg = Debug|Any CPU
		{A7DB51EF-92AB-499B-81E3-05C3E4A9987D}.Debug|iPhone.Build.0 = Debug|Any CPU
		{A7DB51EF-92AB-499B-81E3-05C3E4A9987D}.Debug|iPhoneSimulator.ActiveCfg = Debug|Any CPU
		{A7DB51EF-92AB-499B-81E3-05C3E4A9987D}.Debug|iPhoneSimulator.Build.0 = Debug|Any CPU
		{A7DB51EF-92AB-499B-81E3-05C3E4A9987D}.Release|Any CPU.ActiveCfg = Release|Any CPU
		{A7DB51EF-92AB-499B-81E3-05C3E4A9987D}.Release|Any CPU.Build.0 = Release|Any CPU
		{A7DB51EF-92AB-499B-81E3-05C3E4A9987D}.Release|iPhone.ActiveCfg = Release|Any CPU
		{A7DB51EF-92AB-499B-81E3-05C3E4A9987D}.Release|iPhone.Build.0 = Release|Any CPU
		{A7DB51EF-92AB-499B-81E3-05C3E4A9987D}.Release|iPhoneSimulator.ActiveCfg = Release|Any CPU
		{A7DB51EF-92AB-499B-81E3-05C3E4A9987D}.Release|iPhoneSimulator.Build.0 = Release|Any CPU
		{94AE06CC-4C4A-4DCD-B750-CC91A35D0814}.Ad-Hoc|Any CPU.ActiveCfg = Release|Any CPU
		{94AE06CC-4C4A-4DCD-B750-CC91A35D0814}.Ad-Hoc|Any CPU.Build.0 = Release|Any CPU
		{94AE06CC-4C4A-4DCD-B750-CC91A35D0814}.Ad-Hoc|iPhone.ActiveCfg = Release|Any CPU
		{94AE06CC-4C4A-4DCD-B750-CC91A35D0814}.Ad-Hoc|iPhone.Build.0 = Release|Any CPU
		{94AE06CC-4C4A-4DCD-B750-CC91A35D0814}.Ad-Hoc|iPhoneSimulator.ActiveCfg = Release|Any CPU
		{94AE06CC-4C4A-4DCD-B750-CC91A35D0814}.Ad-Hoc|iPhoneSimulator.Build.0 = Release|Any CPU
		{94AE06CC-4C4A-4DCD-B750-CC91A35D0814}.AppStore|Any CPU.ActiveCfg = Release|Any CPU
		{94AE06CC-4C4A-4DCD-B750-CC91A35D0814}.AppStore|Any CPU.Build.0 = Release|Any CPU
		{94AE06CC-4C4A-4DCD-B750-CC91A35D0814}.AppStore|iPhone.ActiveCfg = Release|Any CPU
		{94AE06CC-4C4A-4DCD-B750-CC91A35D0814}.AppStore|iPhone.Build.0 = Release|Any CPU
		{94AE06CC-4C4A-4DCD-B750-CC91A35D0814}.AppStore|iPhoneSimulator.ActiveCfg = Release|Any CPU
		{94AE06CC-4C4A-4DCD-B750-CC91A35D0814}.AppStore|iPhoneSimulator.Build.0 = Release|Any CPU
		{94AE06CC-4C4A-4DCD-B750-CC91A35D0814}.Debug Api|Any CPU.ActiveCfg = Debug|Any CPU
		{94AE06CC-4C4A-4DCD-B750-CC91A35D0814}.Debug Api|Any CPU.Build.0 = Debug|Any CPU
		{94AE06CC-4C4A-4DCD-B750-CC91A35D0814}.Debug Api|iPhone.ActiveCfg = Debug|Any CPU
		{94AE06CC-4C4A-4DCD-B750-CC91A35D0814}.Debug Api|iPhone.Build.0 = Debug|Any CPU
		{94AE06CC-4C4A-4DCD-B750-CC91A35D0814}.Debug Api|iPhoneSimulator.ActiveCfg = Debug|Any CPU
		{94AE06CC-4C4A-4DCD-B750-CC91A35D0814}.Debug Api|iPhoneSimulator.Build.0 = Debug|Any CPU
		{94AE06CC-4C4A-4DCD-B750-CC91A35D0814}.Debug Droid|Any CPU.ActiveCfg = Debug|Any CPU
		{94AE06CC-4C4A-4DCD-B750-CC91A35D0814}.Debug Droid|Any CPU.Build.0 = Debug|Any CPU
		{94AE06CC-4C4A-4DCD-B750-CC91A35D0814}.Debug Droid|iPhone.ActiveCfg = Debug|Any CPU
		{94AE06CC-4C4A-4DCD-B750-CC91A35D0814}.Debug Droid|iPhone.Build.0 = Debug|Any CPU
		{94AE06CC-4C4A-4DCD-B750-CC91A35D0814}.Debug Droid|iPhoneSimulator.ActiveCfg = Debug|Any CPU
		{94AE06CC-4C4A-4DCD-B750-CC91A35D0814}.Debug Droid|iPhoneSimulator.Build.0 = Debug|Any CPU
		{94AE06CC-4C4A-4DCD-B750-CC91A35D0814}.Debug iOS|Any CPU.ActiveCfg = Debug|Any CPU
		{94AE06CC-4C4A-4DCD-B750-CC91A35D0814}.Debug iOS|Any CPU.Build.0 = Debug|Any CPU
		{94AE06CC-4C4A-4DCD-B750-CC91A35D0814}.Debug iOS|iPhone.ActiveCfg = Debug|Any CPU
		{94AE06CC-4C4A-4DCD-B750-CC91A35D0814}.Debug iOS|iPhone.Build.0 = Debug|Any CPU
		{94AE06CC-4C4A-4DCD-B750-CC91A35D0814}.Debug iOS|iPhoneSimulator.ActiveCfg = Debug|Any CPU
		{94AE06CC-4C4A-4DCD-B750-CC91A35D0814}.Debug iOS|iPhoneSimulator.Build.0 = Debug|Any CPU
		{94AE06CC-4C4A-4DCD-B750-CC91A35D0814}.Debug|Any CPU.ActiveCfg = Debug|Any CPU
		{94AE06CC-4C4A-4DCD-B750-CC91A35D0814}.Debug|Any CPU.Build.0 = Debug|Any CPU
		{94AE06CC-4C4A-4DCD-B750-CC91A35D0814}.Debug|iPhone.ActiveCfg = Debug|Any CPU
		{94AE06CC-4C4A-4DCD-B750-CC91A35D0814}.Debug|iPhone.Build.0 = Debug|Any CPU
		{94AE06CC-4C4A-4DCD-B750-CC91A35D0814}.Debug|iPhoneSimulator.ActiveCfg = Debug|Any CPU
		{94AE06CC-4C4A-4DCD-B750-CC91A35D0814}.Debug|iPhoneSimulator.Build.0 = Debug|Any CPU
		{94AE06CC-4C4A-4DCD-B750-CC91A35D0814}.Release|Any CPU.ActiveCfg = Release|Any CPU
		{94AE06CC-4C4A-4DCD-B750-CC91A35D0814}.Release|Any CPU.Build.0 = Release|Any CPU
		{94AE06CC-4C4A-4DCD-B750-CC91A35D0814}.Release|iPhone.ActiveCfg = Release|Any CPU
		{94AE06CC-4C4A-4DCD-B750-CC91A35D0814}.Release|iPhone.Build.0 = Release|Any CPU
		{94AE06CC-4C4A-4DCD-B750-CC91A35D0814}.Release|iPhoneSimulator.ActiveCfg = Release|Any CPU
		{94AE06CC-4C4A-4DCD-B750-CC91A35D0814}.Release|iPhoneSimulator.Build.0 = Release|Any CPU
	EndGlobalSection
	GlobalSection(SolutionProperties) = preSolution
		HideSolutionNode = FALSE
	EndGlobalSection
	GlobalSection(NestedProjects) = preSolution
		{495AB5C6-5565-48A1-A680-7A026794CADE} = {CD523A4F-C7C8-4AF5-A7EF-2CDB8FC0DB57}
		{912506A8-6689-4732-A171-D46C02F8BF50} = {FB2CD967-95DE-4C87-A71C-4F98F8CD3484}
		{E3C882E7-CCC6-4B18-9BAA-AB1D772B1B5E} = {CD523A4F-C7C8-4AF5-A7EF-2CDB8FC0DB57}
		{E71F3053-056C-4381-9638-048ED73BDFF6} = {CD523A4F-C7C8-4AF5-A7EF-2CDB8FC0DB57}
		{CEDCD885-8F0D-48AB-B251-746BF77AFFB0} = {CD523A4F-C7C8-4AF5-A7EF-2CDB8FC0DB57}
		{79AD24C8-66A2-40B2-8F64-C80736F2C715} = {495AB5C6-5565-48A1-A680-7A026794CADE}
		{A7DB51EF-92AB-499B-81E3-05C3E4A9987D} = {495AB5C6-5565-48A1-A680-7A026794CADE}
		{94AE06CC-4C4A-4DCD-B750-CC91A35D0814} = {495AB5C6-5565-48A1-A680-7A026794CADE}
	EndGlobalSection
	GlobalSection(ExtensibilityGlobals) = postSolution
		SolutionGuid = {E859EED5-3AB1-4D69-B2DE-C841276CF0F8}
	EndGlobalSection
EndGlobal
